
Microsoft Visual Studio Solution File, Format Version 12.00
# Visual Studio 2012
Project("{FAE04EC0-301F-11D3-BF4B-00C04F79EFBC}") = "Airline_Planner", "Airline_Planner\Airline_Planner.csproj", "{0D69177E-8AC9-4475-86F8-78221E128961}"
EndProject
Project("{FAE04EC0-301F-11D3-BF4B-00C04F79EFBC}") = "Airline_Planner.Tests", "Airline_Planner.Tests\Airline_Planner.Tests.csproj", "{9C40B4D8-BF56-4742-9CDF-5A60DD15B1D4}"
EndProject
Global
	GlobalSection(SolutionConfigurationPlatforms) = preSolution
		Debug|Any CPU = Debug|Any CPU
		Release|Any CPU = Release|Any CPU
	EndGlobalSection
	GlobalSection(ProjectConfigurationPlatforms) = postSolution
		{0D69177E-8AC9-4475-86F8-78221E128961}.Debug|Any CPU.ActiveCfg = Debug|Any CPU
		{0D69177E-8AC9-4475-86F8-78221E128961}.Debug|Any CPU.Build.0 = Debug|Any CPU
		{0D69177E-8AC9-4475-86F8-78221E128961}.Release|Any CPU.ActiveCfg = Release|Any CPU
		{0D69177E-8AC9-4475-86F8-78221E128961}.Release|Any CPU.Build.0 = Release|Any CPU
		{9C40B4D8-BF56-4742-9CDF-5A60DD15B1D4}.Debug|Any CPU.ActiveCfg = Debug|Any CPU
		{9C40B4D8-BF56-4742-9CDF-5A60DD15B1D4}.Debug|Any CPU.Build.0 = Debug|Any CPU
		{9C40B4D8-BF56-4742-9CDF-5A60DD15B1D4}.Release|Any CPU.ActiveCfg = Release|Any CPU
		{9C40B4D8-BF56-4742-9CDF-5A60DD15B1D4}.Release|Any CPU.Build.0 = Release|Any CPU
	EndGlobalSection
EndGlobal
